
Microsoft Visual Studio Solution File, Format Version 12.00
# Visual Studio Version 17
VisualStudioVersion = 17.2.32526.322
MinimumVisualStudioVersion = 10.0.40219.1
Project("{9A19103F-16F7-4668-BE54-9A1E7A4F7556}") = "Exemplo-SRP", "Exemplo-SRP\Exemplo-SRP.csproj", "{99584A08-ABFC-4AA7-AF18-F6CB15D7046C}"
EndProject
Project("{FAE04EC0-301F-11D3-BF4B-00C04F79EFBC}") = "Test-SRP", "Test-SRP\Test-SRP.csproj", "{5EDB10A8-15D2-43BD-AF7E-4888D649DA24}"
EndProject
Global
	GlobalSection(SolutionConfigurationPlatforms) = preSolution
		Debug|Any CPU = Debug|Any CPU
		Release|Any CPU = Release|Any CPU
	EndGlobalSection
	GlobalSection(ProjectConfigurationPlatforms) = postSolution
		{99584A08-ABFC-4AA7-AF18-F6CB15D7046C}.Debug|Any CPU.ActiveCfg = Debug|Any CPU
		{99584A08-ABFC-4AA7-AF18-F6CB15D7046C}.Debug|Any CPU.Build.0 = Debug|Any CPU
		{99584A08-ABFC-4AA7-AF18-F6CB15D7046C}.Release|Any CPU.ActiveCfg = Release|Any CPU
		{99584A08-ABFC-4AA7-AF18-F6CB15D7046C}.Release|Any CPU.Build.0 = Release|Any CPU
		{5EDB10A8-15D2-43BD-AF7E-4888D649DA24}.Debug|Any CPU.ActiveCfg = Debug|Any CPU
		{5EDB10A8-15D2-43BD-AF7E-4888D649DA24}.Debug|Any CPU.Build.0 = Debug|Any CPU
		{5EDB10A8-15D2-43BD-AF7E-4888D649DA24}.Release|Any CPU.ActiveCfg = Release|Any CPU
		{5EDB10A8-15D2-43BD-AF7E-4888D649DA24}.Release|Any CPU.Build.0 = Release|Any CPU
	EndGlobalSection
	GlobalSection(SolutionProperties) = preSolution
		HideSolutionNode = FALSE
	EndGlobalSection
	GlobalSection(ExtensibilityGlobals) = postSolution
		SolutionGuid = {C2E0CB3D-7A5E-4329-9D70-EEB48D6F0F28}
	EndGlobalSection
EndGlobal
